// !$*UTF8*$!
{
	archiveVersion = 1;
	classes = {
	};
	objectVersion = 55;
	objects = {

/* Begin PBXBuildFile section */
		B53F634E2830D96700B04052 /* BrowseApp.swift in Sources */ = {isa = PBXBuildFile; fileRef = B53F634D2830D96700B04052 /* BrowseApp.swift */; };
		B53F63502830D96700B04052 /* ContentView.swift in Sources */ = {isa = PBXBuildFile; fileRef = B53F634F2830D96700B04052 /* ContentView.swift */; };
		B53F63522830D96900B04052 /* Assets.xcassets in Resources */ = {isa = PBXBuildFile; fileRef = B53F63512830D96900B04052 /* Assets.xcassets */; };
		B53F63552830D96900B04052 /* Preview Assets.xcassets in Resources */ = {isa = PBXBuildFile; fileRef = B53F63542830D96900B04052 /* Preview Assets.xcassets */; };
		B53F635F2830D96900B04052 /* BrowseTests.swift in Sources */ = {isa = PBXBuildFile; fileRef = B53F635E2830D96900B04052 /* BrowseTests.swift */; };
		B53F63692830D96900B04052 /* BrowseUITests.swift in Sources */ = {isa = PBXBuildFile; fileRef = B53F63682830D96900B04052 /* BrowseUITests.swift */; };
		B53F636B2830D96900B04052 /* BrowseUITestsLaunchTests.swift in Sources */ = {isa = PBXBuildFile; fileRef = B53F636A2830D96900B04052 /* BrowseUITestsLaunchTests.swift */; };
		B53F63782830DA8000B04052 /* RestaurantCard.swift in Sources */ = {isa = PBXBuildFile; fileRef = B53F63772830DA8000B04052 /* RestaurantCard.swift */; };
		B53F637A2830DC5E00B04052 /* Restaurant.swift in Sources */ = {isa = PBXBuildFile; fileRef = B53F63792830DC5E00B04052 /* Restaurant.swift */; };
		B53F637C2830E23200B04052 /* RestaurantListView.swift in Sources */ = {isa = PBXBuildFile; fileRef = B53F637B2830E23200B04052 /* RestaurantListView.swift */; };
		B53F63802830E6FA00B04052 /* RestaurantList.swift in Sources */ = {isa = PBXBuildFile; fileRef = B53F637F2830E6FA00B04052 /* RestaurantList.swift */; };
/* End PBXBuildFile section */

/* Begin PBXContainerItemProxy section */
		B53F635B2830D96900B04052 /* PBXContainerItemProxy */ = {
			isa = PBXContainerItemProxy;
			containerPortal = B53F63422830D96700B04052 /* Project object */;
			proxyType = 1;
			remoteGlobalIDString = B53F63492830D96700B04052;
			remoteInfo = Browse;
		};
		B53F63652830D96900B04052 /* PBXContainerItemProxy */ = {
			isa = PBXContainerItemProxy;
			containerPortal = B53F63422830D96700B04052 /* Project object */;
			proxyType = 1;
			remoteGlobalIDString = B53F63492830D96700B04052;
			remoteInfo = Browse;
		};
/* End PBXContainerItemProxy section */

/* Begin PBXFileReference section */
		B53F634A2830D96700B04052 /* Browse.app */ = {isa = PBXFileReference; explicitFileType = wrapper.application; includeInIndex = 0; path = Browse.app; sourceTree = BUILT_PRODUCTS_DIR; };
		B53F634D2830D96700B04052 /* BrowseApp.swift */ = {isa = PBXFileReference; lastKnownFileType = sourcecode.swift; path = BrowseApp.swift; sourceTree = "<group>"; };
		B53F634F2830D96700B04052 /* ContentView.swift */ = {isa = PBXFileReference; lastKnownFileType = sourcecode.swift; path = ContentView.swift; sourceTree = "<group>"; };
		B53F63512830D96900B04052 /* Assets.xcassets */ = {isa = PBXFileReference; lastKnownFileType = folder.assetcatalog; path = Assets.xcassets; sourceTree = "<group>"; };
		B53F63542830D96900B04052 /* Preview Assets.xcassets */ = {isa = PBXFileReference; lastKnownFileType = folder.assetcatalog; path = "Preview Assets.xcassets"; sourceTree = "<group>"; };
		B53F635A2830D96900B04052 /* BrowseTests.xctest */ = {isa = PBXFileReference; explicitFileType = wrapper.cfbundle; includeInIndex = 0; path = BrowseTests.xctest; sourceTree = BUILT_PRODUCTS_DIR; };
		B53F635E2830D96900B04052 /* BrowseTests.swift */ = {isa = PBXFileReference; lastKnownFileType = sourcecode.swift; path = BrowseTests.swift; sourceTree = "<group>"; };
		B53F63642830D96900B04052 /* BrowseUITests.xctest */ = {isa = PBXFileReference; explicitFileType = wrapper.cfbundle; includeInIndex = 0; path = BrowseUITests.xctest; sourceTree = BUILT_PRODUCTS_DIR; };
		B53F63682830D96900B04052 /* BrowseUITests.swift */ = {isa = PBXFileReference; lastKnownFileType = sourcecode.swift; path = BrowseUITests.swift; sourceTree = "<group>"; };
		B53F636A2830D96900B04052 /* BrowseUITestsLaunchTests.swift */ = {isa = PBXFileReference; lastKnownFileType = sourcecode.swift; path = BrowseUITestsLaunchTests.swift; sourceTree = "<group>"; };
		B53F63772830DA8000B04052 /* RestaurantCard.swift */ = {isa = PBXFileReference; lastKnownFileType = sourcecode.swift; path = RestaurantCard.swift; sourceTree = "<group>"; };
		B53F63792830DC5E00B04052 /* Restaurant.swift */ = {isa = PBXFileReference; lastKnownFileType = sourcecode.swift; path = Restaurant.swift; sourceTree = "<group>"; };
		B53F637B2830E23200B04052 /* RestaurantListView.swift */ = {isa = PBXFileReference; lastKnownFileType = sourcecode.swift; path = RestaurantListView.swift; sourceTree = "<group>"; };
		B53F637F2830E6FA00B04052 /* RestaurantList.swift */ = {isa = PBXFileReference; lastKnownFileType = sourcecode.swift; path = RestaurantList.swift; sourceTree = "<group>"; };
/* End PBXFileReference section */

/* Begin PBXFrameworksBuildPhase section */
		B53F63472830D96700B04052 /* Frameworks */ = {
			isa = PBXFrameworksBuildPhase;
			buildActionMask = 2147483647;
			files = (
			);
			runOnlyForDeploymentPostprocessing = 0;
		};
		B53F63572830D96900B04052 /* Frameworks */ = {
			isa = PBXFrameworksBuildPhase;
			buildActionMask = 2147483647;
			files = (
			);
			runOnlyForDeploymentPostprocessing = 0;
		};
		B53F63612830D96900B04052 /* Frameworks */ = {
			isa = PBXFrameworksBuildPhase;
			buildActionMask = 2147483647;
			files = (
			);
			runOnlyForDeploymentPostprocessing = 0;
		};
/* End PBXFrameworksBuildPhase section */

/* Begin PBXGroup section */
		B53F63412830D96700B04052 = {
			isa = PBXGroup;
			children = (
				B53F634C2830D96700B04052 /* Browse */,
				B53F635D2830D96900B04052 /* BrowseTests */,
				B53F63672830D96900B04052 /* BrowseUITests */,
				B53F634B2830D96700B04052 /* Products */,
			);
			sourceTree = "<group>";
		};
		B53F634B2830D96700B04052 /* Products */ = {
			isa = PBXGroup;
			children = (
				B53F634A2830D96700B04052 /* Browse.app */,
				B53F635A2830D96900B04052 /* BrowseTests.xctest */,
				B53F63642830D96900B04052 /* BrowseUITests.xctest */,
			);
			name = Products;
			sourceTree = "<group>";
		};
		B53F634C2830D96700B04052 /* Browse */ = {
			isa = PBXGroup;
			children = (
				B53F634D2830D96700B04052 /* BrowseApp.swift */,
				B53F634F2830D96700B04052 /* ContentView.swift */,
				B53F63512830D96900B04052 /* Assets.xcassets */,
				B53F63532830D96900B04052 /* Preview Content */,
				B53F63772830DA8000B04052 /* RestaurantCard.swift */,
				B53F637B2830E23200B04052 /* RestaurantListView.swift */,
				B53F63792830DC5E00B04052 /* Restaurant.swift */,
				B53F637F2830E6FA00B04052 /* RestaurantList.swift */,
			);
			path = Browse;
			sourceTree = "<group>";
		};
		B53F63532830D96900B04052 /* Preview Content */ = {
			isa = PBXGroup;
			children = (
				B53F63542830D96900B04052 /* Preview Assets.xcassets */,
			);
			path = "Preview Content";
			sourceTree = "<group>";
		};
		B53F635D2830D96900B04052 /* BrowseTests */ = {
			isa = PBXGroup;
			children = (
				B53F635E2830D96900B04052 /* BrowseTests.swift */,
			);
			path = BrowseTests;
			sourceTree = "<group>";
		};
		B53F63672830D96900B04052 /* BrowseUITests */ = {
			isa = PBXGroup;
			children = (
				B53F63682830D96900B04052 /* BrowseUITests.swift */,
				B53F636A2830D96900B04052 /* BrowseUITestsLaunchTests.swift */,
			);
			path = BrowseUITests;
			sourceTree = "<group>";
		};
/* End PBXGroup section */

/* Begin PBXNativeTarget section */
		B53F63492830D96700B04052 /* Browse */ = {
			isa = PBXNativeTarget;
			buildConfigurationList = B53F636E2830D96900B04052 /* Build configuration list for PBXNativeTarget "Browse" */;
			buildPhases = (
				B53F63462830D96700B04052 /* Sources */,
				B53F63472830D96700B04052 /* Frameworks */,
				B53F63482830D96700B04052 /* Resources */,
			);
			buildRules = (
			);
			dependencies = (
			);
			name = Browse;
			productName = Browse;
			productReference = B53F634A2830D96700B04052 /* Browse.app */;
			productType = "com.apple.product-type.application";
		};
		B53F63592830D96900B04052 /* BrowseTests */ = {
			isa = PBXNativeTarget;
			buildConfigurationList = B53F63712830D96900B04052 /* Build configuration list for PBXNativeTarget "BrowseTests" */;
			buildPhases = (
				B53F63562830D96900B04052 /* Sources */,
				B53F63572830D96900B04052 /* Frameworks */,
				B53F63582830D96900B04052 /* Resources */,
			);
			buildRules = (
			);
			dependencies = (
				B53F635C2830D96900B04052 /* PBXTargetDependency */,
			);
			name = BrowseTests;
			productName = BrowseTests;
			productReference = B53F635A2830D96900B04052 /* BrowseTests.xctest */;
			productType = "com.apple.product-type.bundle.unit-test";
		};
		B53F63632830D96900B04052 /* BrowseUITests */ = {
			isa = PBXNativeTarget;
			buildConfigurationList = B53F63742830D96900B04052 /* Build configuration list for PBXNativeTarget "BrowseUITests" */;
			buildPhases = (
				B53F63602830D96900B04052 /* Sources */,
				B53F63612830D96900B04052 /* Frameworks */,
				B53F63622830D96900B04052 /* Resources */,
			);
			buildRules = (
			);
			dependencies = (
				B53F63662830D96900B04052 /* PBXTargetDependency */,
			);
			name = BrowseUITests;
			productName = BrowseUITests;
			productReference = B53F63642830D96900B04052 /* BrowseUITests.xctest */;
			productType = "com.apple.product-type.bundle.ui-testing";
		};
/* End PBXNativeTarget section */

/* Begin PBXProject section */
		B53F63422830D96700B04052 /* Project object */ = {
			isa = PBXProject;
			attributes = {
				BuildIndependentTargetsInParallel = 1;
				LastSwiftUpdateCheck = 1330;
				LastUpgradeCheck = 1330;
				TargetAttributes = {
					B53F63492830D96700B04052 = {
						CreatedOnToolsVersion = 13.3.1;
					};
					B53F63592830D96900B04052 = {
						CreatedOnToolsVersion = 13.3.1;
						TestTargetID = B53F63492830D96700B04052;
					};
					B53F63632830D96900B04052 = {
						CreatedOnToolsVersion = 13.3.1;
						TestTargetID = B53F63492830D96700B04052;
					};
				};
			};
			buildConfigurationList = B53F63452830D96700B04052 /* Build configuration list for PBXProject "Browse" */;
			compatibilityVersion = "Xcode 13.0";
			developmentRegion = en;
			hasScannedForEncodings = 0;
			knownRegions = (
				en,
				Base,
			);
			mainGroup = B53F63412830D96700B04052;
			productRefGroup = B53F634B2830D96700B04052 /* Products */;
			projectDirPath = "";
			projectRoot = "";
			targets = (
				B53F63492830D96700B04052 /* Browse */,
				B53F63592830D96900B04052 /* BrowseTests */,
				B53F63632830D96900B04052 /* BrowseUITests */,
			);
		};
/* End PBXProject section */

/* Begin PBXResourcesBuildPhase section */
		B53F63482830D96700B04052 /* Resources */ = {
			isa = PBXResourcesBuildPhase;
			buildActionMask = 2147483647;
			files = (
				B53F63552830D96900B04052 /* Preview Assets.xcassets in Resources */,
				B53F63522830D96900B04052 /* Assets.xcassets in Resources */,
			);
			runOnlyForDeploymentPostprocessing = 0;
		};
		B53F63582830D96900B04052 /* Resources */ = {
			isa = PBXResourcesBuildPhase;
			buildActionMask = 2147483647;
			files = (
			);
			runOnlyForDeploymentPostprocessing = 0;
		};
		B53F63622830D96900B04052 /* Resources */ = {
			isa = PBXResourcesBuildPhase;
			buildActionMask = 2147483647;
			files = (
			);
			runOnlyForDeploymentPostprocessing = 0;
		};
/* End PBXResourcesBuildPhase section */

/* Begin PBXSourcesBuildPhase section */
		B53F63462830D96700B04052 /* Sources */ = {
			isa = PBXSourcesBuildPhase;
			buildActionMask = 2147483647;
			files = (
				B53F63802830E6FA00B04052 /* RestaurantList.swift in Sources */,
				B53F637A2830DC5E00B04052 /* Restaurant.swift in Sources */,
				B53F63782830DA8000B04052 /* RestaurantCard.swift in Sources */,
				B53F63502830D96700B04052 /* ContentView.swift in Sources */,
				B53F637C2830E23200B04052 /* RestaurantListView.swift in Sources */,
				B53F634E2830D96700B04052 /* BrowseApp.swift in Sources */,
			);
			runOnlyForDeploymentPostprocessing = 0;
		};
		B53F63562830D96900B04052 /* Sources */ = {
			isa = PBXSourcesBuildPhase;
			buildActionMask = 2147483647;
			files = (
				B53F635F2830D96900B04052 /* BrowseTests.swift in Sources */,
			);
			runOnlyForDeploymentPostprocessing = 0;
		};
		B53F63602830D96900B04052 /* Sources */ = {
			isa = PBXSourcesBuildPhase;
			buildActionMask = 2147483647;
			files = (
				B53F636B2830D96900B04052 /* BrowseUITestsLaunchTests.swift in Sources */,
				B53F63692830D96900B04052 /* BrowseUITests.swift in Sources */,
			);
			runOnlyForDeploymentPostprocessing = 0;
		};
/* End PBXSourcesBuildPhase section */

/* Begin PBXTargetDependency section */
		B53F635C2830D96900B04052 /* PBXTargetDependency */ = {
			isa = PBXTargetDependency;
			target = B53F63492830D96700B04052 /* Browse */;
			targetProxy = B53F635B2830D96900B04052 /* PBXContainerItemProxy */;
		};
		B53F63662830D96900B04052 /* PBXTargetDependency */ = {
			isa = PBXTargetDependency;
			target = B53F63492830D96700B04052 /* Browse */;
			targetProxy = B53F63652830D96900B04052 /* PBXContainerItemProxy */;
		};
/* End PBXTargetDependency section */

/* Begin XCBuildConfiguration section */
		B53F636C2830D96900B04052 /* Debug */ = {
			isa = XCBuildConfiguration;
			buildSettings = {
				ALWAYS_SEARCH_USER_PATHS = NO;
				CLANG_ANALYZER_NONNULL = YES;
				CLANG_ANALYZER_NUMBER_OBJECT_CONVERSION = YES_AGGRESSIVE;
				CLANG_CXX_LANGUAGE_STANDARD = "gnu++17";
				CLANG_ENABLE_MODULES = YES;
				CLANG_ENABLE_OBJC_ARC = YES;
				CLANG_ENABLE_OBJC_WEAK = YES;
				CLANG_WARN_BLOCK_CAPTURE_AUTORELEASING = YES;
				CLANG_WARN_BOOL_CONVERSION = YES;
				CLANG_WARN_COMMA = YES;
				CLANG_WARN_CONSTANT_CONVERSION = YES;
				CLANG_WARN_DEPRECATED_OBJC_IMPLEMENTATIONS = YES;
				CLANG_WARN_DIRECT_OBJC_ISA_USAGE = YES_ERROR;
				CLANG_WARN_DOCUMENTATION_COMMENTS = YES;
				CLANG_WARN_EMPTY_BODY = YES;
				CLANG_WARN_ENUM_CONVERSION = YES;
				CLANG_WARN_INFINITE_RECURSION = YES;
				CLANG_WARN_INT_CONVERSION = YES;
				CLANG_WARN_NON_LITERAL_NULL_CONVERSION = YES;
				CLANG_WARN_OBJC_IMPLICIT_RETAIN_SELF = YES;
				CLANG_WARN_OBJC_LITERAL_CONVERSION = YES;
				CLANG_WARN_OBJC_ROOT_CLASS = YES_ERROR;
				CLANG_WARN_QUOTED_INCLUDE_IN_FRAMEWORK_HEADER = YES;
				CLANG_WARN_RANGE_LOOP_ANALYSIS = YES;
				CLANG_WARN_STRICT_PROTOTYPES = YES;
				CLANG_WARN_SUSPICIOUS_MOVE = YES;
				CLANG_WARN_UNGUARDED_AVAILABILITY = YES_AGGRESSIVE;
				CLANG_WARN_UNREACHABLE_CODE = YES;
				CLANG_WARN__DUPLICATE_METHOD_MATCH = YES;
				COPY_PHASE_STRIP = NO;
				DEBUG_INFORMATION_FORMAT = dwarf;
				ENABLE_STRICT_OBJC_MSGSEND = YES;
				ENABLE_TESTABILITY = YES;
				GCC_C_LANGUAGE_STANDARD = gnu11;
				GCC_DYNAMIC_NO_PIC = NO;
				GCC_NO_COMMON_BLOCKS = YES;
				GCC_OPTIMIZATION_LEVEL = 0;
				GCC_PREPROCESSOR_DEFINITIONS = (
					"DEBUG=1",
					"$(inherited)",
				);
				GCC_WARN_64_TO_32_BIT_CONVERSION = YES;
				GCC_WARN_ABOUT_RETURN_TYPE = YES_ERROR;
				GCC_WARN_UNDECLARED_SELECTOR = YES;
				GCC_WARN_UNINITIALIZED_AUTOS = YES_AGGRESSIVE;
				GCC_WARN_UNUSED_FUNCTION = YES;
				GCC_WARN_UNUSED_VARIABLE = YES;
				IPHONEOS_DEPLOYMENT_TARGET = 15.4;
				MTL_ENABLE_DEBUG_INFO = INCLUDE_SOURCE;
				MTL_FAST_MATH = YES;
				ONLY_ACTIVE_ARCH = YES;
				SDKROOT = iphoneos;
				SWIFT_ACTIVE_COMPILATION_CONDITIONS = DEBUG;
				SWIFT_OPTIMIZATION_LEVEL = "-Onone";
			};
			name = Debug;
		};
		B53F636D2830D96900B04052 /* Release */ = {
			isa = XCBuildConfiguration;
			buildSettings = {
				ALWAYS_SEARCH_USER_PATHS = NO;
				CLANG_ANALYZER_NONNULL = YES;
				CLANG_ANALYZER_NUMBER_OBJECT_CONVERSION = YES_AGGRESSIVE;
				CLANG_CXX_LANGUAGE_STANDARD = "gnu++17";
				CLANG_ENABLE_MODULES = YES;
				CLANG_ENABLE_OBJC_ARC = YES;
				CLANG_ENABLE_OBJC_WEAK = YES;
				CLANG_WARN_BLOCK_CAPTURE_AUTORELEASING = YES;
				CLANG_WARN_BOOL_CONVERSION = YES;
				CLANG_WARN_COMMA = YES;
				CLANG_WARN_CONSTANT_CONVERSION = YES;
				CLANG_WARN_DEPRECATED_OBJC_IMPLEMENTATIONS = YES;
				CLANG_WARN_DIRECT_OBJC_ISA_USAGE = YES_ERROR;
				CLANG_WARN_DOCUMENTATION_COMMENTS = YES;
				CLANG_WARN_EMPTY_BODY = YES;
				CLANG_WARN_ENUM_CONVERSION = YES;
				CLANG_WARN_INFINITE_RECURSION = YES;
				CLANG_WARN_INT_CONVERSION = YES;
				CLANG_WARN_NON_LITERAL_NULL_CONVERSION = YES;
				CLANG_WARN_OBJC_IMPLICIT_RETAIN_SELF = YES;
				CLANG_WARN_OBJC_LITERAL_CONVERSION = YES;
				CLANG_WARN_OBJC_ROOT_CLASS = YES_ERROR;
				CLANG_WARN_QUOTED_INCLUDE_IN_FRAMEWORK_HEADER = YES;
				CLANG_WARN_RANGE_LOOP_ANALYSIS = YES;
				CLANG_WARN_STRICT_PROTOTYPES = YES;
				CLANG_WARN_SUSPICIOUS_MOVE = YES;
				CLANG_WARN_UNGUARDED_AVAILABILITY = YES_AGGRESSIVE;
				CLANG_WARN_UNREACHABLE_CODE = YES;
				CLANG_WARN__DUPLICATE_METHOD_MATCH = YES;
				COPY_PHASE_STRIP = NO;
				DEBUG_INFORMATION_FORMAT = "dwarf-with-dsym";
				ENABLE_NS_ASSERTIONS = NO;
				ENABLE_STRICT_OBJC_MSGSEND = YES;
				GCC_C_LANGUAGE_STANDARD = gnu11;
				GCC_NO_COMMON_BLOCKS = YES;
				GCC_WARN_64_TO_32_BIT_CONVERSION = YES;
				GCC_WARN_ABOUT_RETURN_TYPE = YES_ERROR;
				GCC_WARN_UNDECLARED_SELECTOR = YES;
				GCC_WARN_UNINITIALIZED_AUTOS = YES_AGGRESSIVE;
				GCC_WARN_UNUSED_FUNCTION = YES;
				GCC_WARN_UNUSED_VARIABLE = YES;
				IPHONEOS_DEPLOYMENT_TARGET = 15.4;
				MTL_ENABLE_DEBUG_INFO = NO;
				MTL_FAST_MATH = YES;
				SDKROOT = iphoneos;
				SWIFT_COMPILATION_MODE = wholemodule;
				SWIFT_OPTIMIZATION_LEVEL = "-O";
				VALIDATE_PRODUCT = YES;
			};
			name = Release;
		};
		B53F636F2830D96900B04052 /* Debug */ = {
			isa = XCBuildConfiguration;
			buildSettings = {
				ASSETCATALOG_COMPILER_APPICON_NAME = AppIcon;
				ASSETCATALOG_COMPILER_GLOBAL_ACCENT_COLOR_NAME = AccentColor;
				CODE_SIGN_STYLE = Automatic;
				CURRENT_PROJECT_VERSION = 1;
				DEVELOPMENT_ASSET_PATHS = "\"Browse/Preview Content\"";
				DEVELOPMENT_TEAM = RC7AU6R5A5;
				ENABLE_PREVIEWS = YES;
				GENERATE_INFOPLIST_FILE = YES;
				INFOPLIST_KEY_UIApplicationSceneManifest_Generation = YES;
				INFOPLIST_KEY_UIApplicationSupportsIndirectInputEvents = YES;
				INFOPLIST_KEY_UILaunchScreen_Generation = YES;
				INFOPLIST_KEY_UISupportedInterfaceOrientations_iPad = "UIInterfaceOrientationPortrait UIInterfaceOrientationPortraitUpsideDown UIInterfaceOrientationLandscapeLeft UIInterfaceOrientationLandscapeRight";
				INFOPLIST_KEY_UISupportedInterfaceOrientations_iPhone = "UIInterfaceOrientationPortrait UIInterfaceOrientationLandscapeLeft UIInterfaceOrientationLandscapeRight";
				LD_RUNPATH_SEARCH_PATHS = (
					"$(inherited)",
					"@executable_path/Frameworks",
				);
				MARKETING_VERSION = 1.0;
				PRODUCT_BUNDLE_IDENTIFIER = com.zddhub.Browse;
				PRODUCT_NAME = "$(TARGET_NAME)";
				SWIFT_EMIT_LOC_STRINGS = YES;
				SWIFT_VERSION = 5.0;
				TARGETED_DEVICE_FAMILY = "1,2";
			};
			name = Debug;
		};
		B53F63702830D96900B04052 /* Release */ = {
			isa = XCBuildConfiguration;
			buildSettings = {
				ASSETCATALOG_COMPILER_APPICON_NAME = AppIcon;
				ASSETCATALOG_COMPILER_GLOBAL_ACCENT_COLOR_NAME = AccentColor;
				CODE_SIGN_STYLE = Automatic;
				CURRENT_PROJECT_VERSION = 1;
				DEVELOPMENT_ASSET_PATHS = "\"Browse/Preview Content\"";
				DEVELOPMENT_TEAM = RC7AU6R5A5;
				ENABLE_PREVIEWS = YES;
				GENERATE_INFOPLIST_FILE = YES;
				INFOPLIST_KEY_UIApplicationSceneManifest_Generation = YES;
				INFOPLIST_KEY_UIApplicationSupportsIndirectInputEvents = YES;
				INFOPLIST_KEY_UILaunchScreen_Generation = YES;
				INFOPLIST_KEY_UISupportedInterfaceOrientations_iPad = "UIInterfaceOrientationPortrait UIInterfaceOrientationPortraitUpsideDown UIInterfaceOrientationLandscapeLeft UIInterfaceOrientationLandscapeRight";
				INFOPLIST_KEY_UISupportedInterfaceOrientations_iPhone = "UIInterfaceOrientationPortrait UIInterfaceOrientationLandscapeLeft UIInterfaceOrientationLandscapeRight";
				LD_RUNPATH_SEARCH_PATHS = (
					"$(inherited)",
					"@executable_path/Frameworks",
				);
				MARKETING_VERSION = 1.0;
				PRODUCT_BUNDLE_IDENTIFIER = com.zddhub.Browse;
				PRODUCT_NAME = "$(TARGET_NAME)";
				SWIFT_EMIT_LOC_STRINGS = YES;
				SWIFT_VERSION = 5.0;
				TARGETED_DEVICE_FAMILY = "1,2";
			};
			name = Release;
		};
		B53F63722830D96900B04052 /* Debug */ = {
			isa = XCBuildConfiguration;
			buildSettings = {
				ALWAYS_EMBED_SWIFT_STANDARD_LIBRARIES = YES;
				BUNDLE_LOADER = "$(TEST_HOST)";
				CODE_SIGN_STYLE = Automatic;
				CURRENT_PROJECT_VERSION = 1;
				DEVELOPMENT_TEAM = RC7AU6R5A5;
				GENERATE_INFOPLIST_FILE = YES;
				IPHONEOS_DEPLOYMENT_TARGET = 15.4;
				MARKETING_VERSION = 1.0;
				PRODUCT_BUNDLE_IDENTIFIER = com.zddhub.BrowseTests;
				PRODUCT_NAME = "$(TARGET_NAME)";
				SWIFT_EMIT_LOC_STRINGS = NO;
				SWIFT_VERSION = 5.0;
				TARGETED_DEVICE_FAMILY = "1,2";
				TEST_HOST = "$(BUILT_PRODUCTS_DIR)/Browse.app/Browse";
			};
			name = Debug;
		};
		B53F63732830D96900B04052 /* Release */ = {
			isa = XCBuildConfiguration;
			buildSettings = {
				ALWAYS_EMBED_SWIFT_STANDARD_LIBRARIES = YES;
				BUNDLE_LOADER = "$(TEST_HOST)";
				CODE_SIGN_STYLE = Automatic;
				CURRENT_PROJECT_VERSION = 1;
				DEVELOPMENT_TEAM = RC7AU6R5A5;
				GENERATE_INFOPLIST_FILE = YES;
				IPHONEOS_DEPLOYMENT_TARGET = 15.4;
				MARKETING_VERSION = 1.0;
				PRODUCT_BUNDLE_IDENTIFIER = com.zddhub.BrowseTests;
				PRODUCT_NAME = "$(TARGET_NAME)";
				SWIFT_EMIT_LOC_STRINGS = NO;
				SWIFT_VERSION = 5.0;
				TARGETED_DEVICE_FAMILY = "1,2";
				TEST_HOST = "$(BUILT_PRODUCTS_DIR)/Browse.app/Browse";
			};
			name = Release;
		};
		B53F63752830D96900B04052 /* Debug */ = {
			isa = XCBuildConfiguration;
			buildSettings = {
				ALWAYS_EMBED_SWIFT_STANDARD_LIBRARIES = YES;
				CODE_SIGN_STYLE = Automatic;
				CURRENT_PROJECT_VERSION = 1;
				DEVELOPMENT_TEAM = RC7AU6R5A5;
				GENERATE_INFOPLIST_FILE = YES;
				MARKETING_VERSION = 1.0;
				PRODUCT_BUNDLE_IDENTIFIER = com.zddhub.BrowseUITests;
				PRODUCT_NAME = "$(TARGET_NAME)";
				SWIFT_EMIT_LOC_STRINGS = NO;
				SWIFT_VERSION = 5.0;
				TARGETED_DEVICE_FAMILY = "1,2";
				TEST_TARGET_NAME = Browse;
			};
			name = Debug;
		};
		B53F63762830D96900B04052 /* Release */ = {
			isa = XCBuildConfiguration;
			buildSettings = {
				ALWAYS_EMBED_SWIFT_STANDARD_LIBRARIES = YES;
				CODE_SIGN_STYLE = Automatic;
				CURRENT_PROJECT_VERSION = 1;
				DEVELOPMENT_TEAM = RC7AU6R5A5;
				GENERATE_INFOPLIST_FILE = YES;
				MARKETING_VERSION = 1.0;
				PRODUCT_BUNDLE_IDENTIFIER = com.zddhub.BrowseUITests;
				PRODUCT_NAME = "$(TARGET_NAME)";
				SWIFT_EMIT_LOC_STRINGS = NO;
				SWIFT_VERSION = 5.0;
				TARGETED_DEVICE_FAMILY = "1,2";
				TEST_TARGET_NAME = Browse;
			};
			name = Release;
		};
/* End XCBuildConfiguration section */

/* Begin XCConfigurationList section */
		B53F63452830D96700B04052 /* Build configuration list for PBXProject "Browse" */ = {
			isa = XCConfigurationList;
			buildConfigurations = (
				B53F636C2830D96900B04052 /* Debug */,
				B53F636D2830D96900B04052 /* Release */,
			);
			defaultConfigurationIsVisible = 0;
			defaultConfigurationName = Release;
		};
		B53F636E2830D96900B04052 /* Build configuration list for PBXNativeTarget "Browse" */ = {
			isa = XCConfigurationList;
			buildConfigurations = (
				B53F636F2830D96900B04052 /* Debug */,
				B53F63702830D96900B04052 /* Release */,
			);
			defaultConfigurationIsVisible = 0;
			defaultConfigurationName = Release;
		};
		B53F63712830D96900B04052 /* Build configuration list for PBXNativeTarget "BrowseTests" */ = {
			isa = XCConfigurationList;
			buildConfigurations = (
				B53F63722830D96900B04052 /* Debug */,
				B53F63732830D96900B04052 /* Release */,
			);
			defaultConfigurationIsVisible = 0;
			defaultConfigurationName = Release;
		};
		B53F63742830D96900B04052 /* Build configuration list for PBXNativeTarget "BrowseUITests" */ = {
			isa = XCConfigurationList;
			buildConfigurations = (
				B53F63752830D96900B04052 /* Debug */,
				B53F63762830D96900B04052 /* Release */,
			);
			defaultConfigurationIsVisible = 0;
			defaultConfigurationName = Release;
		};
/* End XCConfigurationList section */
	};
	rootObject = B53F63422830D96700B04052 /* Project object */;
}
